
Microsoft Visual Studio Solution File, Format Version 12.00
# Visual Studio Version 17
VisualStudioVersion = 17.2.32630.192
MinimumVisualStudioVersion = 10.0.40219.1
Project("{9A19103F-16F7-4668-BE54-9A1E7A4F7556}") = "Calc", "Calc.csproj", "{D6B96136-A565-4F16-A9D0-4C43C19EF878}"
EndProject
Project("{FAE04EC0-301F-11D3-BF4B-00C04F79EFBC}") = "CalcTest", "..\CalcTest\CalcTest.csproj", "{6A88069A-EFC2-49E6-99CB-68DC59D6B798}"
EndProject
Global
	GlobalSection(SolutionConfigurationPlatforms) = preSolution
		Debug|Any CPU = Debug|Any CPU
		Release|Any CPU = Release|Any CPU
	EndGlobalSection
	GlobalSection(ProjectConfigurationPlatforms) = postSolution
		{D6B96136-A565-4F16-A9D0-4C43C19EF878}.Debug|Any CPU.ActiveCfg = Debug|Any CPU
		{D6B96136-A565-4F16-A9D0-4C43C19EF878}.Debug|Any CPU.Build.0 = Debug|Any CPU
		{D6B96136-A565-4F16-A9D0-4C43C19EF878}.Release|Any CPU.ActiveCfg = Release|Any CPU
		{D6B96136-A565-4F16-A9D0-4C43C19EF878}.Release|Any CPU.Build.0 = Release|Any CPU
		{6A88069A-EFC2-49E6-99CB-68DC59D6B798}.Debug|Any CPU.ActiveCfg = Debug|Any CPU
		{6A88069A-EFC2-49E6-99CB-68DC59D6B798}.Debug|Any CPU.Build.0 = Debug|Any CPU
		{6A88069A-EFC2-49E6-99CB-68DC59D6B798}.Release|Any CPU.ActiveCfg = Release|Any CPU
		{6A88069A-EFC2-49E6-99CB-68DC59D6B798}.Release|Any CPU.Build.0 = Release|Any CPU
	EndGlobalSection
	GlobalSection(SolutionProperties) = preSolution
		HideSolutionNode = FALSE
	EndGlobalSection
	GlobalSection(ExtensibilityGlobals) = postSolution
		SolutionGuid = {54AC7CD8-F79B-492E-8DE5-536D1244CBAE}
	EndGlobalSection
EndGlobal
